
Microsoft Visual Studio Solution File, Format Version 12.00
# Visual Studio Version 16
VisualStudioVersion = 16.0.30503.244
MinimumVisualStudioVersion = 10.0.40219.1
Project("{9A19103F-16F7-4668-BE54-9A1E7A4F7556}") = "Sherweb.Apis.Authorization", "Sherweb.Apis.Authorization\Sherweb.Apis.Authorization.csproj", "{1DDF21EE-A411-4F65-A26B-16BE1616B1FF}"
EndProject
Project("{9A19103F-16F7-4668-BE54-9A1E7A4F7556}") = "Sherweb.Apis.Distribution", "Sherweb.Apis.Distribution\Sherweb.Apis.Distribution.csproj", "{BFE5DA97-00C4-406C-8CA9-809559DCBFE0}"
EndProject
Project("{2150E333-8FDC-42A3-9474-1A3956D46DE8}") = "Solution Items", "Solution Items", "{4361531E-291B-40E5-8EFF-E98108D1FCFC}"
	ProjectSection(SolutionItems) = preProject
		GenerateAuthorizationClient.ps1 = GenerateAuthorizationClient.ps1
		GenerateDistributionClient.ps1 = GenerateDistributionClient.ps1
		PublicNuget.props = PublicNuget.props
	EndProjectSection
EndProject
Project("{FAE04EC0-301F-11D3-BF4B-00C04F79EFBC}") = "Sherweb.SampleCode", "Sherweb.SampleCode\Sherweb.SampleCode.csproj", "{E806CE6A-4C49-4350-9A3A-C9481BC909E3}"
EndProject
Global
	GlobalSection(SolutionConfigurationPlatforms) = preSolution
		Debug|Any CPU = Debug|Any CPU
		Release|Any CPU = Release|Any CPU
	EndGlobalSection
	GlobalSection(ProjectConfigurationPlatforms) = postSolution
		{1DDF21EE-A411-4F65-A26B-16BE1616B1FF}.Debug|Any CPU.ActiveCfg = Debug|Any CPU
		{1DDF21EE-A411-4F65-A26B-16BE1616B1FF}.Debug|Any CPU.Build.0 = Debug|Any CPU
		{1DDF21EE-A411-4F65-A26B-16BE1616B1FF}.Release|Any CPU.ActiveCfg = Release|Any CPU
		{1DDF21EE-A411-4F65-A26B-16BE1616B1FF}.Release|Any CPU.Build.0 = Release|Any CPU
		{BFE5DA97-00C4-406C-8CA9-809559DCBFE0}.Debug|Any CPU.ActiveCfg = Debug|Any CPU
		{BFE5DA97-00C4-406C-8CA9-809559DCBFE0}.Debug|Any CPU.Build.0 = Debug|Any CPU
		{BFE5DA97-00C4-406C-8CA9-809559DCBFE0}.Release|Any CPU.ActiveCfg = Release|Any CPU
		{BFE5DA97-00C4-406C-8CA9-809559DCBFE0}.Release|Any CPU.Build.0 = Release|Any CPU
		{E806CE6A-4C49-4350-9A3A-C9481BC909E3}.Debug|Any CPU.ActiveCfg = Debug|Any CPU
		{E806CE6A-4C49-4350-9A3A-C9481BC909E3}.Debug|Any CPU.Build.0 = Debug|Any CPU
		{E806CE6A-4C49-4350-9A3A-C9481BC909E3}.Release|Any CPU.ActiveCfg = Release|Any CPU
		{E806CE6A-4C49-4350-9A3A-C9481BC909E3}.Release|Any CPU.Build.0 = Release|Any CPU
	EndGlobalSection
	GlobalSection(SolutionProperties) = preSolution
		HideSolutionNode = FALSE
	EndGlobalSection
	GlobalSection(ExtensibilityGlobals) = postSolution
		SolutionGuid = {8AF4E69C-9962-4235-8D2A-0DF78141F872}
	EndGlobalSection
EndGlobal
